
Microsoft Visual Studio Solution File, Format Version 12.00
# Visual Studio Version 17
VisualStudioVersion = 17.8.34330.188
MinimumVisualStudioVersion = 10.0.40219.1
Project("{FAE04EC0-301F-11D3-BF4B-00C04F79EFBC}") = "PaystackPaymentApp", "PaystackPaymentApp\PaystackPaymentApp.csproj", "{E1FBCCEE-FCE0-4B72-BE05-D9E1AF109F66}"
EndProject
Global
	GlobalSection(SolutionConfigurationPlatforms) = preSolution
		Debug|Any CPU = Debug|Any CPU
		Release|Any CPU = Release|Any CPU
	EndGlobalSection
	GlobalSection(ProjectConfigurationPlatforms) = postSolution
		{E1FBCCEE-FCE0-4B72-BE05-D9E1AF109F66}.Debug|Any CPU.ActiveCfg = Debug|Any CPU
		{E1FBCCEE-FCE0-4B72-BE05-D9E1AF109F66}.Debug|Any CPU.Build.0 = Debug|Any CPU
		{E1FBCCEE-FCE0-4B72-BE05-D9E1AF109F66}.Debug|Any CPU.Deploy.0 = Debug|Any CPU
		{E1FBCCEE-FCE0-4B72-BE05-D9E1AF109F66}.Release|Any CPU.ActiveCfg = Release|Any CPU
		{E1FBCCEE-FCE0-4B72-BE05-D9E1AF109F66}.Release|Any CPU.Build.0 = Release|Any CPU
		{E1FBCCEE-FCE0-4B72-BE05-D9E1AF109F66}.Release|Any CPU.Deploy.0 = Release|Any CPU
	EndGlobalSection
	GlobalSection(SolutionProperties) = preSolution
		HideSolutionNode = FALSE
	EndGlobalSection
	GlobalSection(ExtensibilityGlobals) = postSolution
		SolutionGuid = {859B46A0-4923-4F79-9D12-301C0FBE5B3F}
	EndGlobalSection
EndGlobal
